
Microsoft Visual Studio Solution File, Format Version 12.00
# Visual Studio Version 17
VisualStudioVersion = 17.7.34031.279
MinimumVisualStudioVersion = 10.0.40219.1
Project("{2150E333-8FDC-42A3-9474-1A3956D46DE8}") = "Solution Items", "Solution Items", "{71D81E0B-0B3A-4760-A629-A0ED3ABB3C87}"
	ProjectSection(SolutionItems) = preProject
		..\.editorconfig = ..\.editorconfig
	EndProjectSection
EndProject
Project("{9A19103F-16F7-4668-BE54-9A1E7A4F7556}") = "Backend", "Backend.csproj", "{6083BB09-58D0-4EDA-A2C2-59096D4678F2}"
EndProject
Global
	GlobalSection(SolutionConfigurationPlatforms) = preSolution
		Debug|Any CPU = Debug|Any CPU
		Release|Any CPU = Release|Any CPU
	EndGlobalSection
	GlobalSection(ProjectConfigurationPlatforms) = postSolution
		{6083BB09-58D0-4EDA-A2C2-59096D4678F2}.Debug|Any CPU.ActiveCfg = Debug|Any CPU
		{6083BB09-58D0-4EDA-A2C2-59096D4678F2}.Debug|Any CPU.Build.0 = Debug|Any CPU
		{6083BB09-58D0-4EDA-A2C2-59096D4678F2}.Release|Any CPU.ActiveCfg = Release|Any CPU
		{6083BB09-58D0-4EDA-A2C2-59096D4678F2}.Release|Any CPU.Build.0 = Release|Any CPU
	EndGlobalSection
	GlobalSection(SolutionProperties) = preSolution
		HideSolutionNode = FALSE
	EndGlobalSection
	GlobalSection(ExtensibilityGlobals) = postSolution
		SolutionGuid = {4AEA6EDB-46A6-4B7F-B8ED-849C86D88AFC}
	EndGlobalSection
EndGlobal
